
Microsoft Visual Studio Solution File, Format Version 12.00
Project("{FAE04EC0-301F-11D3-BF4B-00C04F79EFBC}") = "kol2", "kol2\kol2.csproj", "{2E90C535-B429-4EE2-B14E-B9AC35E0CB56}"
EndProject
Global
	GlobalSection(SolutionConfigurationPlatforms) = preSolution
		Debug|Any CPU = Debug|Any CPU
		Release|Any CPU = Release|Any CPU
	EndGlobalSection
	GlobalSection(ProjectConfigurationPlatforms) = postSolution
		{2E90C535-B429-4EE2-B14E-B9AC35E0CB56}.Debug|Any CPU.ActiveCfg = Debug|Any CPU
		{2E90C535-B429-4EE2-B14E-B9AC35E0CB56}.Debug|Any CPU.Build.0 = Debug|Any CPU
		{2E90C535-B429-4EE2-B14E-B9AC35E0CB56}.Release|Any CPU.ActiveCfg = Release|Any CPU
		{2E90C535-B429-4EE2-B14E-B9AC35E0CB56}.Release|Any CPU.Build.0 = Release|Any CPU
	EndGlobalSection
EndGlobal
